// !$*UTF8*$!
{
	archiveVersion = 1;
	classes = {
	};
	objectVersion = 46;
	objects = {

/* Begin PBXBuildFile section */
		01424E9FBFEF70B113FD841D /* Pods_RainyShinyCloudyyyUITests.framework in Frameworks */ = {isa = PBXBuildFile; fileRef = A7EC084A81F11509C0510F8F /* Pods_RainyShinyCloudyyyUITests.framework */; };
		148A1500BB7DBD92F01A5FAB /* Pods_RainyShinyCloudyyy.framework in Frameworks */ = {isa = PBXBuildFile; fileRef = 37E3C0EC2B372D54CA023A7A /* Pods_RainyShinyCloudyyy.framework */; };
		7653950D1F69688600AC19E0 /* Constants.swift in Sources */ = {isa = PBXBuildFile; fileRef = 7653950C1F69688600AC19E0 /* Constants.swift */; };
		7653950F1F696ACA00AC19E0 /* CurrentWeather.swift in Sources */ = {isa = PBXBuildFile; fileRef = 7653950E1F696ACA00AC19E0 /* CurrentWeather.swift */; };
		766329351F68924900CCBB4B /* AppDelegate.swift in Sources */ = {isa = PBXBuildFile; fileRef = 766329341F68924900CCBB4B /* AppDelegate.swift */; };
		766329371F68924900CCBB4B /* WeatherVC.swift in Sources */ = {isa = PBXBuildFile; fileRef = 766329361F68924900CCBB4B /* WeatherVC.swift */; };
		7663293A1F68924A00CCBB4B /* Main.storyboard in Resources */ = {isa = PBXBuildFile; fileRef = 766329381F68924A00CCBB4B /* Main.storyboard */; };
		7663293D1F68924A00CCBB4B /* RainyShinyCloudyyy.xcdatamodeld in Sources */ = {isa = PBXBuildFile; fileRef = 7663293B1F68924A00CCBB4B /* RainyShinyCloudyyy.xcdatamodeld */; };
		7663293F1F68924A00CCBB4B /* Assets.xcassets in Resources */ = {isa = PBXBuildFile; fileRef = 7663293E1F68924A00CCBB4B /* Assets.xcassets */; };
		766329421F68924A00CCBB4B /* LaunchScreen.storyboard in Resources */ = {isa = PBXBuildFile; fileRef = 766329401F68924A00CCBB4B /* LaunchScreen.storyboard */; };
		7663294D1F68924A00CCBB4B /* RainyShinyCloudyyyTests.swift in Sources */ = {isa = PBXBuildFile; fileRef = 7663294C1F68924A00CCBB4B /* RainyShinyCloudyyyTests.swift */; };
		766329581F68924A00CCBB4B /* RainyShinyCloudyyyUITests.swift in Sources */ = {isa = PBXBuildFile; fileRef = 766329571F68924A00CCBB4B /* RainyShinyCloudyyyUITests.swift */; };
		7675002C1F6C0D920067BD75 /* WeatherCell.swift in Sources */ = {isa = PBXBuildFile; fileRef = 7675002B1F6C0D920067BD75 /* WeatherCell.swift */; };
		7675002E1F6C16010067BD75 /* Location.swift in Sources */ = {isa = PBXBuildFile; fileRef = 7675002D1F6C16010067BD75 /* Location.swift */; };
		7686C8A71F6BFB9800AEEA0E /* Forecast.swift in Sources */ = {isa = PBXBuildFile; fileRef = 7686C8A61F6BFB9800AEEA0E /* Forecast.swift */; };
		A82B7BB2E86753F256B0BCD0 /* Pods_RainyShinyCloudyyyTests.framework in Frameworks */ = {isa = PBXBuildFile; fileRef = 3CD6AA5385B93E012E4F89E1 /* Pods_RainyShinyCloudyyyTests.framework */; };
/* End PBXBuildFile section */

/* Begin PBXContainerItemProxy section */
		766329491F68924A00CCBB4B /* PBXContainerItemProxy */ = {
			isa = PBXContainerItemProxy;
			containerPortal = 766329291F68924900CCBB4B /* Project object */;
			proxyType = 1;
			remoteGlobalIDString = 766329301F68924900CCBB4B;
			remoteInfo = RainyShinyCloudyyy;
		};
		766329541F68924A00CCBB4B /* PBXContainerItemProxy */ = {
			isa = PBXContainerItemProxy;
			containerPortal = 766329291F68924900CCBB4B /* Project object */;
			proxyType = 1;
			remoteGlobalIDString = 766329301F68924900CCBB4B;
			remoteInfo = RainyShinyCloudyyy;
		};
/* End PBXContainerItemProxy section */

/* Begin PBXFileReference section */
		17234FFFEC6FBC6ED02FEB93 /* Pods-RainyShinyCloudyyy.release.xcconfig */ = {isa = PBXFileReference; includeInIndex = 1; lastKnownFileType = text.xcconfig; name = "Pods-RainyShinyCloudyyy.release.xcconfig"; path = "Pods/Target Support Files/Pods-RainyShinyCloudyyy/Pods-RainyShinyCloudyyy.release.xcconfig"; sourceTree = "<group>"; };
		191E9A23359C0EABE609B912 /* Pods-RainyShinyCloudyyyUITests.debug.xcconfig */ = {isa = PBXFileReference; includeInIndex = 1; lastKnownFileType = text.xcconfig; name = "Pods-RainyShinyCloudyyyUITests.debug.xcconfig"; path = "Pods/Target Support Files/Pods-RainyShinyCloudyyyUITests/Pods-RainyShinyCloudyyyUITests.debug.xcconfig"; sourceTree = "<group>"; };
		37E3C0EC2B372D54CA023A7A /* Pods_RainyShinyCloudyyy.framework */ = {isa = PBXFileReference; explicitFileType = wrapper.framework; includeInIndex = 0; path = Pods_RainyShinyCloudyyy.framework; sourceTree = BUILT_PRODUCTS_DIR; };
		3CD6AA5385B93E012E4F89E1 /* Pods_RainyShinyCloudyyyTests.framework */ = {isa = PBXFileReference; explicitFileType = wrapper.framework; includeInIndex = 0; path = Pods_RainyShinyCloudyyyTests.framework; sourceTree = BUILT_PRODUCTS_DIR; };
		7653950C1F69688600AC19E0 /* Constants.swift */ = {isa = PBXFileReference; fileEncoding = 4; lastKnownFileType = sourcecode.swift; path = Constants.swift; sourceTree = "<group>"; };
		7653950E1F696ACA00AC19E0 /* CurrentWeather.swift */ = {isa = PBXFileReference; fileEncoding = 4; lastKnownFileType = sourcecode.swift; path = CurrentWeather.swift; sourceTree = "<group>"; };
		766329311F68924900CCBB4B /* RainyShinyCloudyyy.app */ = {isa = PBXFileReference; explicitFileType = wrapper.application; includeInIndex = 0; path = RainyShinyCloudyyy.app; sourceTree = BUILT_PRODUCTS_DIR; };
		766329341F68924900CCBB4B /* AppDelegate.swift */ = {isa = PBXFileReference; lastKnownFileType = sourcecode.swift; path = AppDelegate.swift; sourceTree = "<group>"; };
		766329361F68924900CCBB4B /* WeatherVC.swift */ = {isa = PBXFileReference; lastKnownFileType = sourcecode.swift; path = WeatherVC.swift; sourceTree = "<group>"; };
		766329391F68924A00CCBB4B /* Base */ = {isa = PBXFileReference; lastKnownFileType = file.storyboard; name = Base; path = Base.lproj/Main.storyboard; sourceTree = "<group>"; };
		7663293C1F68924A00CCBB4B /* RainyShinyCloudyyy.xcdatamodel */ = {isa = PBXFileReference; lastKnownFileType = wrapper.xcdatamodel; path = RainyShinyCloudyyy.xcdatamodel; sourceTree = "<group>"; };
		7663293E1F68924A00CCBB4B /* Assets.xcassets */ = {isa = PBXFileReference; lastKnownFileType = folder.assetcatalog; path = Assets.xcassets; sourceTree = "<group>"; };
		766329411F68924A00CCBB4B /* Base */ = {isa = PBXFileReference; lastKnownFileType = file.storyboard; name = Base; path = Base.lproj/LaunchScreen.storyboard; sourceTree = "<group>"; };
		766329431F68924A00CCBB4B /* Info.plist */ = {isa = PBXFileReference; lastKnownFileType = text.plist.xml; path = Info.plist; sourceTree = "<group>"; };
		766329481F68924A00CCBB4B /* RainyShinyCloudyyyTests.xctest */ = {isa = PBXFileReference; explicitFileType = wrapper.cfbundle; includeInIndex = 0; path = RainyShinyCloudyyyTests.xctest; sourceTree = BUILT_PRODUCTS_DIR; };
		7663294C1F68924A00CCBB4B /* RainyShinyCloudyyyTests.swift */ = {isa = PBXFileReference; lastKnownFileType = sourcecode.swift; path = RainyShinyCloudyyyTests.swift; sourceTree = "<group>"; };
		7663294E1F68924A00CCBB4B /* Info.plist */ = {isa = PBXFileReference; lastKnownFileType = text.plist.xml; path = Info.plist; sourceTree = "<group>"; };
		766329531F68924A00CCBB4B /* RainyShinyCloudyyyUITests.xctest */ = {isa = PBXFileReference; explicitFileType = wrapper.cfbundle; includeInIndex = 0; path = RainyShinyCloudyyyUITests.xctest; sourceTree = BUILT_PRODUCTS_DIR; };
		766329571F68924A00CCBB4B /* RainyShinyCloudyyyUITests.swift */ = {isa = PBXFileReference; lastKnownFileType = sourcecode.swift; path = RainyShinyCloudyyyUITests.swift; sourceTree = "<group>"; };
		766329591F68924A00CCBB4B /* Info.plist */ = {isa = PBXFileReference; lastKnownFileType = text.plist.xml; path = Info.plist; sourceTree = "<group>"; };
		7675002B1F6C0D920067BD75 /* WeatherCell.swift */ = {isa = PBXFileReference; fileEncoding = 4; lastKnownFileType = sourcecode.swift; path = WeatherCell.swift; sourceTree = "<group>"; };
		7675002D1F6C16010067BD75 /* Location.swift */ = {isa = PBXFileReference; fileEncoding = 4; lastKnownFileType = sourcecode.swift; path = Location.swift; sourceTree = "<group>"; };
		7686C8A61F6BFB9800AEEA0E /* Forecast.swift */ = {isa = PBXFileReference; fileEncoding = 4; lastKnownFileType = sourcecode.swift; path = Forecast.swift; sourceTree = "<group>"; };
		94F45D92B021AD1E7CDD4D23 /* Pods-RainyShinyCloudyyyTests.debug.xcconfig */ = {isa = PBXFileReference; includeInIndex = 1; lastKnownFileType = text.xcconfig; name = "Pods-RainyShinyCloudyyyTests.debug.xcconfig"; path = "Pods/Target Support Files/Pods-RainyShinyCloudyyyTests/Pods-RainyShinyCloudyyyTests.debug.xcconfig"; sourceTree = "<group>"; };
		9A768FC23E13A9D7F155D0FF /* Pods-RainyShinyCloudyyyTests.release.xcconfig */ = {isa = PBXFileReference; includeInIndex = 1; lastKnownFileType = text.xcconfig; name = "Pods-RainyShinyCloudyyyTests.release.xcconfig"; path = "Pods/Target Support Files/Pods-RainyShinyCloudyyyTests/Pods-RainyShinyCloudyyyTests.release.xcconfig"; sourceTree = "<group>"; };
		A7EC084A81F11509C0510F8F /* Pods_RainyShinyCloudyyyUITests.framework */ = {isa = PBXFileReference; explicitFileType = wrapper.framework; includeInIndex = 0; path = Pods_RainyShinyCloudyyyUITests.framework; sourceTree = BUILT_PRODUCTS_DIR; };
		E0B0F9E695EF4179DE355049 /* Pods-RainyShinyCloudyyy.debug.xcconfig */ = {isa = PBXFileReference; includeInIndex = 1; lastKnownFileType = text.xcconfig; name = "Pods-RainyShinyCloudyyy.debug.xcconfig"; path = "Pods/Target Support Files/Pods-RainyShinyCloudyyy/Pods-RainyShinyCloudyyy.debug.xcconfig"; sourceTree = "<group>"; };
		E20D57467753EEDE67B2A611 /* Pods-RainyShinyCloudyyyUITests.release.xcconfig */ = {isa = PBXFileReference; includeInIndex = 1; lastKnownFileType = text.xcconfig; name = "Pods-RainyShinyCloudyyyUITests.release.xcconfig"; path = "Pods/Target Support Files/Pods-RainyShinyCloudyyyUITests/Pods-RainyShinyCloudyyyUITests.release.xcconfig"; sourceTree = "<group>"; };
/* End PBXFileReference section */

/* Begin PBXFrameworksBuildPhase section */
		7663292E1F68924900CCBB4B /* Frameworks */ = {
			isa = PBXFrameworksBuildPhase;
			buildActionMask = 2147483647;
			files = (
				148A1500BB7DBD92F01A5FAB /* Pods_RainyShinyCloudyyy.framework in Frameworks */,
			);
			runOnlyForDeploymentPostprocessing = 0;
		};
		766329451F68924A00CCBB4B /* Frameworks */ = {
			isa = PBXFrameworksBuildPhase;
			buildActionMask = 2147483647;
			files = (
				A82B7BB2E86753F256B0BCD0 /* Pods_RainyShinyCloudyyyTests.framework in Frameworks */,
			);
			runOnlyForDeploymentPostprocessing = 0;
		};
		766329501F68924A00CCBB4B /* Frameworks */ = {
			isa = PBXFrameworksBuildPhase;
			buildActionMask = 2147483647;
			files = (
				01424E9FBFEF70B113FD841D /* Pods_RainyShinyCloudyyyUITests.framework in Frameworks */,
			);
			runOnlyForDeploymentPostprocessing = 0;
		};
/* End PBXFrameworksBuildPhase section */

/* Begin PBXGroup section */
		323124AAC20CD8B4B9243B8F /* Frameworks */ = {
			isa = PBXGroup;
			children = (
				37E3C0EC2B372D54CA023A7A /* Pods_RainyShinyCloudyyy.framework */,
				3CD6AA5385B93E012E4F89E1 /* Pods_RainyShinyCloudyyyTests.framework */,
				A7EC084A81F11509C0510F8F /* Pods_RainyShinyCloudyyyUITests.framework */,
			);
			name = Frameworks;
			sourceTree = "<group>";
		};
		766329281F68924900CCBB4B = {
			isa = PBXGroup;
			children = (
				766329331F68924900CCBB4B /* RainyShinyCloudyyy */,
				7663294B1F68924A00CCBB4B /* RainyShinyCloudyyyTests */,
				766329561F68924A00CCBB4B /* RainyShinyCloudyyyUITests */,
				766329321F68924900CCBB4B /* Products */,
				7A7A866ABF9FDC5D25E61877 /* Pods */,
				323124AAC20CD8B4B9243B8F /* Frameworks */,
			);
			sourceTree = "<group>";
		};
		766329321F68924900CCBB4B /* Products */ = {
			isa = PBXGroup;
			children = (
				766329311F68924900CCBB4B /* RainyShinyCloudyyy.app */,
				766329481F68924A00CCBB4B /* RainyShinyCloudyyyTests.xctest */,
				766329531F68924A00CCBB4B /* RainyShinyCloudyyyUITests.xctest */,
			);
			name = Products;
			sourceTree = "<group>";
		};
		766329331F68924900CCBB4B /* RainyShinyCloudyyy */ = {
			isa = PBXGroup;
			children = (
				766329341F68924900CCBB4B /* AppDelegate.swift */,
				766329361F68924900CCBB4B /* WeatherVC.swift */,
				766329381F68924A00CCBB4B /* Main.storyboard */,
				7663293E1F68924A00CCBB4B /* Assets.xcassets */,
				766329401F68924A00CCBB4B /* LaunchScreen.storyboard */,
				766329431F68924A00CCBB4B /* Info.plist */,
				7663293B1F68924A00CCBB4B /* RainyShinyCloudyyy.xcdatamodeld */,
				7653950C1F69688600AC19E0 /* Constants.swift */,
				7653950E1F696ACA00AC19E0 /* CurrentWeather.swift */,
				7686C8A61F6BFB9800AEEA0E /* Forecast.swift */,
				7675002B1F6C0D920067BD75 /* WeatherCell.swift */,
				7675002D1F6C16010067BD75 /* Location.swift */,
			);
			path = RainyShinyCloudyyy;
			sourceTree = "<group>";
		};
		7663294B1F68924A00CCBB4B /* RainyShinyCloudyyyTests */ = {
			isa = PBXGroup;
			children = (
				7663294C1F68924A00CCBB4B /* RainyShinyCloudyyyTests.swift */,
				7663294E1F68924A00CCBB4B /* Info.plist */,
			);
			path = RainyShinyCloudyyyTests;
			sourceTree = "<group>";
		};
		766329561F68924A00CCBB4B /* RainyShinyCloudyyyUITests */ = {
			isa = PBXGroup;
			children = (
				766329571F68924A00CCBB4B /* RainyShinyCloudyyyUITests.swift */,
				766329591F68924A00CCBB4B /* Info.plist */,
			);
			path = RainyShinyCloudyyyUITests;
			sourceTree = "<group>";
		};
		7A7A866ABF9FDC5D25E61877 /* Pods */ = {
			isa = PBXGroup;
			children = (
				E0B0F9E695EF4179DE355049 /* Pods-RainyShinyCloudyyy.debug.xcconfig */,
				17234FFFEC6FBC6ED02FEB93 /* Pods-RainyShinyCloudyyy.release.xcconfig */,
				94F45D92B021AD1E7CDD4D23 /* Pods-RainyShinyCloudyyyTests.debug.xcconfig */,
				9A768FC23E13A9D7F155D0FF /* Pods-RainyShinyCloudyyyTests.release.xcconfig */,
				191E9A23359C0EABE609B912 /* Pods-RainyShinyCloudyyyUITests.debug.xcconfig */,
				E20D57467753EEDE67B2A611 /* Pods-RainyShinyCloudyyyUITests.release.xcconfig */,
			);
			name = Pods;
			sourceTree = "<group>";
		};
/* End PBXGroup section */

/* Begin PBXNativeTarget section */
		766329301F68924900CCBB4B /* RainyShinyCloudyyy */ = {
			isa = PBXNativeTarget;
			buildConfigurationList = 7663295C1F68924A00CCBB4B /* Build configuration list for PBXNativeTarget "RainyShinyCloudyyy" */;
			buildPhases = (
				0770573F37656FD0F30FCB97 /* [CP] Check Pods Manifest.lock */,
				7663292D1F68924900CCBB4B /* Sources */,
				7663292E1F68924900CCBB4B /* Frameworks */,
				7663292F1F68924900CCBB4B /* Resources */,
				2229FC547DC2C421E658A930 /* [CP] Embed Pods Frameworks */,
				1EA684D4204B2235C459F478 /* [CP] Copy Pods Resources */,
			);
			buildRules = (
			);
			dependencies = (
			);
			name = RainyShinyCloudyyy;
			productName = RainyShinyCloudyyy;
			productReference = 766329311F68924900CCBB4B /* RainyShinyCloudyyy.app */;
			productType = "com.apple.product-type.application";
		};
		766329471F68924A00CCBB4B /* RainyShinyCloudyyyTests */ = {
			isa = PBXNativeTarget;
			buildConfigurationList = 7663295F1F68924A00CCBB4B /* Build configuration list for PBXNativeTarget "RainyShinyCloudyyyTests" */;
			buildPhases = (
				E1B8877F1A19471AB0A7F381 /* [CP] Check Pods Manifest.lock */,
				766329441F68924A00CCBB4B /* Sources */,
				766329451F68924A00CCBB4B /* Frameworks */,
				766329461F68924A00CCBB4B /* Resources */,
				3E9C2A63F828B6ECC9747C31 /* [CP] Embed Pods Frameworks */,
				D40D6334F6AA641F93FFDA71 /* [CP] Copy Pods Resources */,
			);
			buildRules = (
			);
			dependencies = (
				7663294A1F68924A00CCBB4B /* PBXTargetDependency */,
			);
			name = RainyShinyCloudyyyTests;
			productName = RainyShinyCloudyyyTests;
			productReference = 766329481F68924A00CCBB4B /* RainyShinyCloudyyyTests.xctest */;
			productType = "com.apple.product-type.bundle.unit-test";
		};
		766329521F68924A00CCBB4B /* RainyShinyCloudyyyUITests */ = {
			isa = PBXNativeTarget;
			buildConfigurationList = 766329621F68924A00CCBB4B /* Build configuration list for PBXNativeTarget "RainyShinyCloudyyyUITests" */;
			buildPhases = (
				C5D3DF3CC3DC75A6E75DAA88 /* [CP] Check Pods Manifest.lock */,
				7663294F1F68924A00CCBB4B /* Sources */,
				766329501F68924A00CCBB4B /* Frameworks */,
				766329511F68924A00CCBB4B /* Resources */,
				08D49741B0CA8D0F9FFA0ED4 /* [CP] Embed Pods Frameworks */,
				CF7DF4A1D4C096198ACDEE72 /* [CP] Copy Pods Resources */,
			);
			buildRules = (
			);
			dependencies = (
				766329551F68924A00CCBB4B /* PBXTargetDependency */,
			);
			name = RainyShinyCloudyyyUITests;
			productName = RainyShinyCloudyyyUITests;
			productReference = 766329531F68924A00CCBB4B /* RainyShinyCloudyyyUITests.xctest */;
			productType = "com.apple.product-type.bundle.ui-testing";
		};
/* End PBXNativeTarget section */

/* Begin PBXProject section */
		766329291F68924900CCBB4B /* Project object */ = {
			isa = PBXProject;
			attributes = {
				LastSwiftUpdateCheck = 0830;
				LastUpgradeCheck = 0830;
				ORGANIZATIONNAME = Cookie;
				TargetAttributes = {
					766329301F68924900CCBB4B = {
						CreatedOnToolsVersion = 8.3;
						DevelopmentTeam = VB3227H635;
						ProvisioningStyle = Automatic;
					};
					766329471F68924A00CCBB4B = {
						CreatedOnToolsVersion = 8.3;
						DevelopmentTeam = VB3227H635;
						ProvisioningStyle = Automatic;
						TestTargetID = 766329301F68924900CCBB4B;
					};
					766329521F68924A00CCBB4B = {
						CreatedOnToolsVersion = 8.3;
						DevelopmentTeam = VB3227H635;
						ProvisioningStyle = Automatic;
						TestTargetID = 766329301F68924900CCBB4B;
					};
				};
			};
			buildConfigurationList = 7663292C1F68924900CCBB4B /* Build configuration list for PBXProject "RainyShinyCloudyyy" */;
			compatibilityVersion = "Xcode 3.2";
			developmentRegion = English;
			hasScannedForEncodings = 0;
			knownRegions = (
				en,
				Base,
			);
			mainGroup = 766329281F68924900CCBB4B;
			productRefGroup = 766329321F68924900CCBB4B /* Products */;
			projectDirPath = "";
			projectRoot = "";
			targets = (
				766329301F68924900CCBB4B /* RainyShinyCloudyyy */,
				766329471F68924A00CCBB4B /* RainyShinyCloudyyyTests */,
				766329521F68924A00CCBB4B /* RainyShinyCloudyyyUITests */,
			);
		};
/* End PBXProject section */

/* Begin PBXResourcesBuildPhase section */
		7663292F1F68924900CCBB4B /* Resources */ = {
			isa = PBXResourcesBuildPhase;
			buildActionMask = 2147483647;
			files = (
				766329421F68924A00CCBB4B /* LaunchScreen.storyboard in Resources */,
				7663293F1F68924A00CCBB4B /* Assets.xcassets in Resources */,
				7663293A1F68924A00CCBB4B /* Main.storyboard in Resources */,
			);
			runOnlyForDeploymentPostprocessing = 0;
		};
		766329461F68924A00CCBB4B /* Resources */ = {
			isa = PBXResourcesBuildPhase;
			buildActionMask = 2147483647;
			files = (
			);
			runOnlyForDeploymentPostprocessing = 0;
		};
		766329511F68924A00CCBB4B /* Resources */ = {
			isa = PBXResourcesBuildPhase;
			buildActionMask = 2147483647;
			files = (
			);
			runOnlyForDeploymentPostprocessing = 0;
		};
/* End PBXResourcesBuildPhase section */

/* Begin PBXShellScriptBuildPhase section */
		0770573F37656FD0F30FCB97 /* [CP] Check Pods Manifest.lock */ = {
			isa = PBXShellScriptBuildPhase;
			buildActionMask = 2147483647;
			files = (
			);
			inputPaths = (
				"${PODS_PODFILE_DIR_PATH}/Podfile.lock",
				"${PODS_ROOT}/Manifest.lock",
			);
			name = "[CP] Check Pods Manifest.lock";
			outputPaths = (
				"$(DERIVED_FILE_DIR)/Pods-RainyShinyCloudyyy-checkManifestLockResult.txt",
			);
			runOnlyForDeploymentPostprocessing = 0;
			shellPath = /bin/sh;
			shellScript = "diff \"${PODS_PODFILE_DIR_PATH}/Podfile.lock\" \"${PODS_ROOT}/Manifest.lock\" > /dev/null\nif [ $? != 0 ] ; then\n    # print error to STDERR\n    echo \"error: The sandbox is not in sync with the Podfile.lock. Run 'pod install' or update your CocoaPods installation.\" >&2\n    exit 1\nfi\n# This output is used by Xcode 'outputs' to avoid re-running this script phase.\necho \"SUCCESS\" > \"${SCRIPT_OUTPUT_FILE_0}\"\n";
			showEnvVarsInLog = 0;
		};
		08D49741B0CA8D0F9FFA0ED4 /* [CP] Embed Pods Frameworks */ = {
			isa = PBXShellScriptBuildPhase;
			buildActionMask = 2147483647;
			files = (
			);
			inputPaths = (
			);
			name = "[CP] Embed Pods Frameworks";
			outputPaths = (
			);
			runOnlyForDeploymentPostprocessing = 0;
			shellPath = /bin/sh;
			shellScript = "\"${SRCROOT}/Pods/Target Support Files/Pods-RainyShinyCloudyyyUITests/Pods-RainyShinyCloudyyyUITests-frameworks.sh\"\n";
			showEnvVarsInLog = 0;
		};
		1EA684D4204B2235C459F478 /* [CP] Copy Pods Resources */ = {
			isa = PBXShellScriptBuildPhase;
			buildActionMask = 2147483647;
			files = (
			);
			inputPaths = (
			);
			name = "[CP] Copy Pods Resources";
			outputPaths = (
			);
			runOnlyForDeploymentPostprocessing = 0;
			shellPath = /bin/sh;
			shellScript = "\"${SRCROOT}/Pods/Target Support Files/Pods-RainyShinyCloudyyy/Pods-RainyShinyCloudyyy-resources.sh\"\n";
			showEnvVarsInLog = 0;
		};
		2229FC547DC2C421E658A930 /* [CP] Embed Pods Frameworks */ = {
			isa = PBXShellScriptBuildPhase;
			buildActionMask = 2147483647;
			files = (
			);
			inputPaths = (
				"${SRCROOT}/Pods/Target Support Files/Pods-RainyShinyCloudyyy/Pods-RainyShinyCloudyyy-frameworks.sh",
				"${BUILT_PRODUCTS_DIR}/Alamofire/Alamofire.framework",
			);
			name = "[CP] Embed Pods Frameworks";
			outputPaths = (
				"${TARGET_BUILD_DIR}/${FRAMEWORKS_FOLDER_PATH}/Alamofire.framework",
			);
			runOnlyForDeploymentPostprocessing = 0;
			shellPath = /bin/sh;
			shellScript = "\"${SRCROOT}/Pods/Target Support Files/Pods-RainyShinyCloudyyy/Pods-RainyShinyCloudyyy-frameworks.sh\"\n";
			showEnvVarsInLog = 0;
		};
		3E9C2A63F828B6ECC9747C31 /* [CP] Embed Pods Frameworks */ = {
			isa = PBXShellScriptBuildPhase;
			buildActionMask = 2147483647;
			files = (
			);
			inputPaths = (
			);
			name = "[CP] Embed Pods Frameworks";
			outputPaths = (
			);
			runOnlyForDeploymentPostprocessing = 0;
			shellPath = /bin/sh;
			shellScript = "\"${SRCROOT}/Pods/Target Support Files/Pods-RainyShinyCloudyyyTests/Pods-RainyShinyCloudyyyTests-frameworks.sh\"\n";
			showEnvVarsInLog = 0;
		};
		C5D3DF3CC3DC75A6E75DAA88 /* [CP] Check Pods Manifest.lock */ = {
			isa = PBXShellScriptBuildPhase;
			buildActionMask = 2147483647;
			files = (
			);
			inputPaths = (
				"${PODS_PODFILE_DIR_PATH}/Podfile.lock",
				"${PODS_ROOT}/Manifest.lock",
			);
			name = "[CP] Check Pods Manifest.lock";
			outputPaths = (
				"$(DERIVED_FILE_DIR)/Pods-RainyShinyCloudyyyUITests-checkManifestLockResult.txt",
			);
			runOnlyForDeploymentPostprocessing = 0;
			shellPath = /bin/sh;
			shellScript = "diff \"${PODS_PODFILE_DIR_PATH}/Podfile.lock\" \"${PODS_ROOT}/Manifest.lock\" > /dev/null\nif [ $? != 0 ] ; then\n    # print error to STDERR\n    echo \"error: The sandbox is not in sync with the Podfile.lock. Run 'pod install' or update your CocoaPods installation.\" >&2\n    exit 1\nfi\n# This output is used by Xcode 'outputs' to avoid re-running this script phase.\necho \"SUCCESS\" > \"${SCRIPT_OUTPUT_FILE_0}\"\n";
			showEnvVarsInLog = 0;
		};
		CF7DF4A1D4C096198ACDEE72 /* [CP] Copy Pods Resources */ = {
			isa = PBXShellScriptBuildPhase;
			buildActionMask = 2147483647;
			files = (
			);
			inputPaths = (
			);
			name = "[CP] Copy Pods Resources";
			outputPaths = (
			);
			runOnlyForDeploymentPostprocessing = 0;
			shellPath = /bin/sh;
			shellScript = "\"${SRCROOT}/Pods/Target Support Files/Pods-RainyShinyCloudyyyUITests/Pods-RainyShinyCloudyyyUITests-resources.sh\"\n";
			showEnvVarsInLog = 0;
		};
		D40D6334F6AA641F93FFDA71 /* [CP] Copy Pods Resources */ = {
			isa = PBXShellScriptBuildPhase;
			buildActionMask = 2147483647;
			files = (
			);
			inputPaths = (
			);
			name = "[CP] Copy Pods Resources";
			outputPaths = (
			);
			runOnlyForDeploymentPostprocessing = 0;
			shellPath = /bin/sh;
			shellScript = "\"${SRCROOT}/Pods/Target Support Files/Pods-RainyShinyCloudyyyTests/Pods-RainyShinyCloudyyyTests-resources.sh\"\n";
			showEnvVarsInLog = 0;
		};
		E1B8877F1A19471AB0A7F381 /* [CP] Check Pods Manifest.lock */ = {
			isa = PBXShellScriptBuildPhase;
			buildActionMask = 2147483647;
			files = (
			);
			inputPaths = (
				"${PODS_PODFILE_DIR_PATH}/Podfile.lock",
				"${PODS_ROOT}/Manifest.lock",
			);
			name = "[CP] Check Pods Manifest.lock";
			outputPaths = (
				"$(DERIVED_FILE_DIR)/Pods-RainyShinyCloudyyyTests-checkManifestLockResult.txt",
			);
			runOnlyForDeploymentPostprocessing = 0;
			shellPath = /bin/sh;
			shellScript = "diff \"${PODS_PODFILE_DIR_PATH}/Podfile.lock\" \"${PODS_ROOT}/Manifest.lock\" > /dev/null\nif [ $? != 0 ] ; then\n    # print error to STDERR\n    echo \"error: The sandbox is not in sync with the Podfile.lock. Run 'pod install' or update your CocoaPods installation.\" >&2\n    exit 1\nfi\n# This output is used by Xcode 'outputs' to avoid re-running this script phase.\necho \"SUCCESS\" > \"${SCRIPT_OUTPUT_FILE_0}\"\n";
			showEnvVarsInLog = 0;
		};
/* End PBXShellScriptBuildPhase section */

/* Begin PBXSourcesBuildPhase section */
		7663292D1F68924900CCBB4B /* Sources */ = {
			isa = PBXSourcesBuildPhase;
			buildActionMask = 2147483647;
			files = (
				7663293D1F68924A00CCBB4B /* RainyShinyCloudyyy.xcdatamodeld in Sources */,
				7653950F1F696ACA00AC19E0 /* CurrentWeather.swift in Sources */,
				7675002E1F6C16010067BD75 /* Location.swift in Sources */,
				766329371F68924900CCBB4B /* WeatherVC.swift in Sources */,
				766329351F68924900CCBB4B /* AppDelegate.swift in Sources */,
				7686C8A71F6BFB9800AEEA0E /* Forecast.swift in Sources */,
				7653950D1F69688600AC19E0 /* Constants.swift in Sources */,
				7675002C1F6C0D920067BD75 /* WeatherCell.swift in Sources */,
			);
			runOnlyForDeploymentPostprocessing = 0;
		};
		766329441F68924A00CCBB4B /* Sources */ = {
			isa = PBXSourcesBuildPhase;
			buildActionMask = 2147483647;
			files = (
				7663294D1F68924A00CCBB4B /* RainyShinyCloudyyyTests.swift in Sources */,
			);
			runOnlyForDeploymentPostprocessing = 0;
		};
		7663294F1F68924A00CCBB4B /* Sources */ = {
			isa = PBXSourcesBuildPhase;
			buildActionMask = 2147483647;
			files = (
				766329581F68924A00CCBB4B /* RainyShinyCloudyyyUITests.swift in Sources */,
			);
			runOnlyForDeploymentPostprocessing = 0;
		};
/* End PBXSourcesBuildPhase section */

/* Begin PBXTargetDependency section */
		7663294A1F68924A00CCBB4B /* PBXTargetDependency */ = {
			isa = PBXTargetDependency;
			target = 766329301F68924900CCBB4B /* RainyShinyCloudyyy */;
			targetProxy = 766329491F68924A00CCBB4B /* PBXContainerItemProxy */;
		};
		766329551F68924A00CCBB4B /* PBXTargetDependency */ = {
			isa = PBXTargetDependency;
			target = 766329301F68924900CCBB4B /* RainyShinyCloudyyy */;
			targetProxy = 766329541F68924A00CCBB4B /* PBXContainerItemProxy */;
		};
/* End PBXTargetDependency section */

/* Begin PBXVariantGroup section */
		766329381F68924A00CCBB4B /* Main.storyboard */ = {
			isa = PBXVariantGroup;
			children = (
				766329391F68924A00CCBB4B /* Base */,
			);
			name = Main.storyboard;
			sourceTree = "<group>";
		};
		766329401F68924A00CCBB4B /* LaunchScreen.storyboard */ = {
			isa = PBXVariantGroup;
			children = (
				766329411F68924A00CCBB4B /* Base */,
			);
			name = LaunchScreen.storyboard;
			sourceTree = "<group>";
		};
/* End PBXVariantGroup section */

/* Begin XCBuildConfiguration section */
		7663295A1F68924A00CCBB4B /* Debug */ = {
			isa = XCBuildConfiguration;
			buildSettings = {
				ALWAYS_SEARCH_USER_PATHS = NO;
				CLANG_ANALYZER_NONNULL = YES;
				CLANG_ANALYZER_NUMBER_OBJECT_CONVERSION = YES_AGGRESSIVE;
				CLANG_CXX_LANGUAGE_STANDARD = "gnu++0x";
				CLANG_CXX_LIBRARY = "libc++";
				CLANG_ENABLE_MODULES = YES;
				CLANG_ENABLE_OBJC_ARC = YES;
				CLANG_WARN_BOOL_CONVERSION = YES;
				CLANG_WARN_CONSTANT_CONVERSION = YES;
				CLANG_WARN_DIRECT_OBJC_ISA_USAGE = YES_ERROR;
				CLANG_WARN_DOCUMENTATION_COMMENTS = YES;
				CLANG_WARN_EMPTY_BODY = YES;
				CLANG_WARN_ENUM_CONVERSION = YES;
				CLANG_WARN_INFINITE_RECURSION = YES;
				CLANG_WARN_INT_CONVERSION = YES;
				CLANG_WARN_OBJC_ROOT_CLASS = YES_ERROR;
				CLANG_WARN_SUSPICIOUS_MOVE = YES;
				CLANG_WARN_UNREACHABLE_CODE = YES;
				CLANG_WARN__DUPLICATE_METHOD_MATCH = YES;
				"CODE_SIGN_IDENTITY[sdk=iphoneos*]" = "iPhone Developer";
				COPY_PHASE_STRIP = NO;
				DEBUG_INFORMATION_FORMAT = dwarf;
				ENABLE_STRICT_OBJC_MSGSEND = YES;
				ENABLE_TESTABILITY = YES;
				GCC_C_LANGUAGE_STANDARD = gnu99;
				GCC_DYNAMIC_NO_PIC = NO;
				GCC_NO_COMMON_BLOCKS = YES;
				GCC_OPTIMIZATION_LEVEL = 0;
				GCC_PREPROCESSOR_DEFINITIONS = (
					"DEBUG=1",
					"$(inherited)",
				);
				GCC_WARN_64_TO_32_BIT_CONVERSION = YES;
				GCC_WARN_ABOUT_RETURN_TYPE = YES_ERROR;
				GCC_WARN_UNDECLARED_SELECTOR = YES;
				GCC_WARN_UNINITIALIZED_AUTOS = YES_AGGRESSIVE;
				GCC_WARN_UNUSED_FUNCTION = YES;
				GCC_WARN_UNUSED_VARIABLE = YES;
				IPHONEOS_DEPLOYMENT_TARGET = 10.3;
				MTL_ENABLE_DEBUG_INFO = YES;
				ONLY_ACTIVE_ARCH = YES;
				SDKROOT = iphoneos;
				SWIFT_ACTIVE_COMPILATION_CONDITIONS = DEBUG;
				SWIFT_OPTIMIZATION_LEVEL = "-Onone";
				TARGETED_DEVICE_FAMILY = "1,2";
			};
			name = Debug;
		};
		7663295B1F68924A00CCBB4B /* Release */ = {
			isa = XCBuildConfiguration;
			buildSettings = {
				ALWAYS_SEARCH_USER_PATHS = NO;
				CLANG_ANALYZER_NONNULL = YES;
				CLANG_ANALYZER_NUMBER_OBJECT_CONVERSION = YES_AGGRESSIVE;
				CLANG_CXX_LANGUAGE_STANDARD = "gnu++0x";
				CLANG_CXX_LIBRARY = "libc++";
				CLANG_ENABLE_MODULES = YES;
				CLANG_ENABLE_OBJC_ARC = YES;
				CLANG_WARN_BOOL_CONVERSION = YES;
				CLANG_WARN_CONSTANT_CONVERSION = YES;
				CLANG_WARN_DIRECT_OBJC_ISA_USAGE = YES_ERROR;
				CLANG_WARN_DOCUMENTATION_COMMENTS = YES;
				CLANG_WARN_EMPTY_BODY = YES;
				CLANG_WARN_ENUM_CONVERSION = YES;
				CLANG_WARN_INFINITE_RECURSION = YES;
				CLANG_WARN_INT_CONVERSION = YES;
				CLANG_WARN_OBJC_ROOT_CLASS = YES_ERROR;
				CLANG_WARN_SUSPICIOUS_MOVE = YES;
				CLANG_WARN_UNREACHABLE_CODE = YES;
				CLANG_WARN__DUPLICATE_METHOD_MATCH = YES;
				"CODE_SIGN_IDENTITY[sdk=iphoneos*]" = "iPhone Developer";
				COPY_PHASE_STRIP = NO;
				DEBUG_INFORMATION_FORMAT = "dwarf-with-dsym";
				ENABLE_NS_ASSERTIONS = NO;
				ENABLE_STRICT_OBJC_MSGSEND = YES;
				GCC_C_LANGUAGE_STANDARD = gnu99;
				GCC_NO_COMMON_BLOCKS = YES;
				GCC_WARN_64_TO_32_BIT_CONVERSION = YES;
				GCC_WARN_ABOUT_RETURN_TYPE = YES_ERROR;
				GCC_WARN_UNDECLARED_SELECTOR = YES;
				GCC_WARN_UNINITIALIZED_AUTOS = YES_AGGRESSIVE;
				GCC_WARN_UNUSED_FUNCTION = YES;
				GCC_WARN_UNUSED_VARIABLE = YES;
				IPHONEOS_DEPLOYMENT_TARGET = 10.3;
				MTL_ENABLE_DEBUG_INFO = NO;
				SDKROOT = iphoneos;
				SWIFT_OPTIMIZATION_LEVEL = "-Owholemodule";
				TARGETED_DEVICE_FAMILY = "1,2";
				VALIDATE_PRODUCT = YES;
			};
			name = Release;
		};
		7663295D1F68924A00CCBB4B /* Debug */ = {
			isa = XCBuildConfiguration;
			baseConfigurationReference = E0B0F9E695EF4179DE355049 /* Pods-RainyShinyCloudyyy.debug.xcconfig */;
			buildSettings = {
				ASSETCATALOG_COMPILER_APPICON_NAME = AppIcon;
				DEVELOPMENT_TEAM = VB3227H635;
				INFOPLIST_FILE = RainyShinyCloudyyy/Info.plist;
				LD_RUNPATH_SEARCH_PATHS = "$(inherited) @executable_path/Frameworks";
				PRODUCT_BUNDLE_IDENTIFIER = "GC.Rainy-Shine";
				PRODUCT_NAME = "$(TARGET_NAME)";
				SWIFT_VERSION = 3.0;
			};
			name = Debug;
		};
		7663295E1F68924A00CCBB4B /* Release */ = {
			isa = XCBuildConfiguration;
			baseConfigurationReference = 17234FFFEC6FBC6ED02FEB93 /* Pods-RainyShinyCloudyyy.release.xcconfig */;
			buildSettings = {
				ASSETCATALOG_COMPILER_APPICON_NAME = AppIcon;
				DEVELOPMENT_TEAM = VB3227H635;
				INFOPLIST_FILE = RainyShinyCloudyyy/Info.plist;
				LD_RUNPATH_SEARCH_PATHS = "$(inherited) @executable_path/Frameworks";
				PRODUCT_BUNDLE_IDENTIFIER = "GC.Rainy-Shine";
				PRODUCT_NAME = "$(TARGET_NAME)";
				SWIFT_VERSION = 3.0;
			};
			name = Release;
		};
		766329601F68924A00CCBB4B /* Debug */ = {
			isa = XCBuildConfiguration;
			baseConfigurationReference = 94F45D92B021AD1E7CDD4D23 /* Pods-RainyShinyCloudyyyTests.debug.xcconfig */;
			buildSettings = {
				ALWAYS_EMBED_SWIFT_STANDARD_LIBRARIES = YES;
				BUNDLE_LOADER = "$(TEST_HOST)";
				DEVELOPMENT_TEAM = VB3227H635;
				INFOPLIST_FILE = RainyShinyCloudyyyTests/Info.plist;
				LD_RUNPATH_SEARCH_PATHS = "$(inherited) @executable_path/Frameworks @loader_path/Frameworks";
				PRODUCT_BUNDLE_IDENTIFIER = GC.RainyShinyCloudyyyTests;
				PRODUCT_NAME = "$(TARGET_NAME)";
				SWIFT_VERSION = 3.0;
				TEST_HOST = "$(BUILT_PRODUCTS_DIR)/RainyShinyCloudyyy.app/RainyShinyCloudyyy";
			};
			name = Debug;
		};
		766329611F68924A00CCBB4B /* Release */ = {
			isa = XCBuildConfiguration;
			baseConfigurationReference = 9A768FC23E13A9D7F155D0FF /* Pods-RainyShinyCloudyyyTests.release.xcconfig */;
			buildSettings = {
				ALWAYS_EMBED_SWIFT_STANDARD_LIBRARIES = YES;
				BUNDLE_LOADER = "$(TEST_HOST)";
				DEVELOPMENT_TEAM = VB3227H635;
				INFOPLIST_FILE = RainyShinyCloudyyyTests/Info.plist;
				LD_RUNPATH_SEARCH_PATHS = "$(inherited) @executable_path/Frameworks @loader_path/Frameworks";
				PRODUCT_BUNDLE_IDENTIFIER = GC.RainyShinyCloudyyyTests;
				PRODUCT_NAME = "$(TARGET_NAME)";
				SWIFT_VERSION = 3.0;
				TEST_HOST = "$(BUILT_PRODUCTS_DIR)/RainyShinyCloudyyy.app/RainyShinyCloudyyy";
			};
			name = Release;
		};
		766329631F68924A00CCBB4B /* Debug */ = {
			isa = XCBuildConfiguration;
			baseConfigurationReference = 191E9A23359C0EABE609B912 /* Pods-RainyShinyCloudyyyUITests.debug.xcconfig */;
			buildSettings = {
				ALWAYS_EMBED_SWIFT_STANDARD_LIBRARIES = YES;
				DEVELOPMENT_TEAM = VB3227H635;
				INFOPLIST_FILE = RainyShinyCloudyyyUITests/Info.plist;
				LD_RUNPATH_SEARCH_PATHS = "$(inherited) @executable_path/Frameworks @loader_path/Frameworks";
				PRODUCT_BUNDLE_IDENTIFIER = GC.RainyShinyCloudyyyUITests;
				PRODUCT_NAME = "$(TARGET_NAME)";
				SWIFT_VERSION = 3.0;
				TEST_TARGET_NAME = RainyShinyCloudyyy;
			};
			name = Debug;
		};
		766329641F68924A00CCBB4B /* Release */ = {
			isa = XCBuildConfiguration;
			baseConfigurationReference = E20D57467753EEDE67B2A611 /* Pods-RainyShinyCloudyyyUITests.release.xcconfig */;
			buildSettings = {
				ALWAYS_EMBED_SWIFT_STANDARD_LIBRARIES = YES;
				DEVELOPMENT_TEAM = VB3227H635;
				INFOPLIST_FILE = RainyShinyCloudyyyUITests/Info.plist;
				LD_RUNPATH_SEARCH_PATHS = "$(inherited) @executable_path/Frameworks @loader_path/Frameworks";
				PRODUCT_BUNDLE_IDENTIFIER = GC.RainyShinyCloudyyyUITests;
				PRODUCT_NAME = "$(TARGET_NAME)";
				SWIFT_VERSION = 3.0;
				TEST_TARGET_NAME = RainyShinyCloudyyy;
			};
			name = Release;
		};
/* End XCBuildConfiguration section */

/* Begin XCConfigurationList section */
		7663292C1F68924900CCBB4B /* Build configuration list for PBXProject "RainyShinyCloudyyy" */ = {
			isa = XCConfigurationList;
			buildConfigurations = (
				7663295A1F68924A00CCBB4B /* Debug */,
				7663295B1F68924A00CCBB4B /* Release */,
			);
			defaultConfigurationIsVisible = 0;
			defaultConfigurationName = Release;
		};
		7663295C1F68924A00CCBB4B /* Build configuration list for PBXNativeTarget "RainyShinyCloudyyy" */ = {
			isa = XCConfigurationList;
			buildConfigurations = (
				7663295D1F68924A00CCBB4B /* Debug */,
				7663295E1F68924A00CCBB4B /* Release */,
			);
			defaultConfigurationIsVisible = 0;
			defaultConfigurationName = Release;
		};
		7663295F1F68924A00CCBB4B /* Build configuration list for PBXNativeTarget "RainyShinyCloudyyyTests" */ = {
			isa = XCConfigurationList;
			buildConfigurations = (
				766329601F68924A00CCBB4B /* Debug */,
				766329611F68924A00CCBB4B /* Release */,
			);
			defaultConfigurationIsVisible = 0;
			defaultConfigurationName = Release;
		};
		766329621F68924A00CCBB4B /* Build configuration list for PBXNativeTarget "RainyShinyCloudyyyUITests" */ = {
			isa = XCConfigurationList;
			buildConfigurations = (
				766329631F68924A00CCBB4B /* Debug */,
				766329641F68924A00CCBB4B /* Release */,
			);
			defaultConfigurationIsVisible = 0;
			defaultConfigurationName = Release;
		};
/* End XCConfigurationList section */

/* Begin XCVersionGroup section */
		7663293B1F68924A00CCBB4B /* RainyShinyCloudyyy.xcdatamodeld */ = {
			isa = XCVersionGroup;
			children = (
				7663293C1F68924A00CCBB4B /* RainyShinyCloudyyy.xcdatamodel */,
			);
			currentVersion = 7663293C1F68924A00CCBB4B /* RainyShinyCloudyyy.xcdatamodel */;
			path = RainyShinyCloudyyy.xcdatamodeld;
			sourceTree = "<group>";
			versionGroupType = wrapper.xcdatamodel;
		};
/* End XCVersionGroup section */
	};
	rootObject = 766329291F68924900CCBB4B /* Project object */;
}
